{
  "name": "NjnuClassroom",
  "version": "3.2.0",
  "lockfileVersion": 2,
  "requires": true,
  "packages": {
    "": {
      "name": "NjnuClassroom",
      "version": "3.2.0",
      "license": "GPL-3.0 License",
      "devDependencies": {
        "miniprogram-api-typings": "^3.4.5"
      }
    },
    "node_modules/miniprogram-api-typings": {
      "version": "3.4.5",
      "resolved": "https://registry.npmjs.org/miniprogram-api-typings/-/miniprogram-api-typings-3.4.5.tgz",
      "integrity": "sha512-GWvMdmPhJ40PLq4/sOh+n2xGRKf2R3kcuOaSe7IRTdT+Os8lfNrJYehYdgH7IoUWqaHqV8mFEWQj5oPIGhVv4Q==",
      "dev": true
    }
  },
  "dependencies": {
    "miniprogram-api-typings": {
      "version": "3.4.5",
      "resolved": "https://registry.npmjs.org/miniprogram-api-typings/-/miniprogram-api-typings-3.4.5.tgz",
      "integrity": "sha512-GWvMdmPhJ40PLq4/sOh+n2xGRKf2R3kcuOaSe7IRTdT+Os8lfNrJYehYdgH7IoUWqaHqV8mFEWQj5oPIGhVv4Q==",
      "dev": true
    }
  }
}
