{
  "name": "NjnuClassroom",
  "version": "3.1.0",
  "lockfileVersion": 2,
  "requires": true,
  "packages": {
    "": {
      "name": "NjnuClassroom",
      "version": "3.1.0",
      "license": "GPL-3.0 License",
      "devDependencies": {
        "miniprogram-api-typings": "^3.4.2",
        "typescript": "^3.3.3333"
      }
    },
    "node_modules/miniprogram-api-typings": {
      "version": "3.4.2",
      "resolved": "https://repo.huaweicloud.com/repository/npm/miniprogram-api-typings/-/miniprogram-api-typings-3.4.2.tgz",
      "integrity": "sha512-3mNPdzSWl6VY34Wc3gRRxJ+P6XkXEYDoZppDq9565unmc4HKp7TIxuOmFSt0xA+jX50NPFAz+Q1dEfv5No8+Wg==",
      "dev": true,
      "license": "MIT"
    },
    "node_modules/typescript": {
      "version": "3.9.9",
      "resolved": "https://registry.npmjs.org/typescript/-/typescript-3.9.9.tgz",
      "integrity": "sha512-kdMjTiekY+z/ubJCATUPlRDl39vXYiMV9iyeMuEuXZh2we6zz80uovNN2WlAxmmdE/Z/YQe+EbOEXB5RHEED3w==",
      "dev": true,
      "bin": {
        "tsc": "bin/tsc",
        "tsserver": "bin/tsserver"
      },
      "engines": {
        "node": ">=4.2.0"
      }
    }
  },
  "dependencies": {
    "miniprogram-api-typings": {
      "version": "3.4.2",
      "resolved": "https://repo.huaweicloud.com/repository/npm/miniprogram-api-typings/-/miniprogram-api-typings-3.4.2.tgz",
      "integrity": "sha512-3mNPdzSWl6VY34Wc3gRRxJ+P6XkXEYDoZppDq9565unmc4HKp7TIxuOmFSt0xA+jX50NPFAz+Q1dEfv5No8+Wg==",
      "dev": true
    },
    "typescript": {
      "version": "3.9.9",
      "resolved": "https://registry.npmjs.org/typescript/-/typescript-3.9.9.tgz",
      "integrity": "sha512-kdMjTiekY+z/ubJCATUPlRDl39vXYiMV9iyeMuEuXZh2we6zz80uovNN2WlAxmmdE/Z/YQe+EbOEXB5RHEED3w==",
      "dev": true
    }
  }
}
