{
  "name": "NjnuClassroom",
  "version": "3.2.1",
  "lockfileVersion": 2,
  "requires": true,
  "packages": {
    "": {
      "name": "NjnuClassroom",
      "version": "3.2.1",
      "license": "GPL-3.0 License",
      "devDependencies": {
        "miniprogram-api-typings": "^3.6.0"
      }
    },
    "node_modules/miniprogram-api-typings": {
      "version": "3.6.0",
      "dev": true,
      "license": "MIT"
    }
  },
  "dependencies": {
    "miniprogram-api-typings": {
      "version": "3.6.0",
      "dev": true
    }
  }
}
