{
  "name": "NjnuClassroom",
  "version": "3.0.2",
  "lockfileVersion": 2,
  "requires": true,
  "packages": {
    "": {
      "name": "NjnuClassroom",
      "version": "3.0.2",
      "license": "GPL-3.0 License",
      "dependencies": {
        "weui-miniprogram": "^1.0.3"
      },
      "devDependencies": {
        "miniprogram-api-typings": "^2.8.3-1",
        "typescript": "^3.3.3333"
      }
    },
    "node_modules/miniprogram-api-typings": {
      "version": "2.12.0",
      "resolved": "https://registry.npmjs.org/miniprogram-api-typings/-/miniprogram-api-typings-2.12.0.tgz",
      "integrity": "sha512-ibvbqeslVFur0IAvTxLMvsbtvVcMo6gwvOnj0YZHV7aeDLu091VQRrETT2QuiG9P6aZWRcxeNGJChRKVPCp9VQ==",
      "dev": true
    },
    "node_modules/typescript": {
      "version": "3.9.9",
      "resolved": "https://registry.npmjs.org/typescript/-/typescript-3.9.9.tgz",
      "integrity": "sha512-kdMjTiekY+z/ubJCATUPlRDl39vXYiMV9iyeMuEuXZh2we6zz80uovNN2WlAxmmdE/Z/YQe+EbOEXB5RHEED3w==",
      "dev": true,
      "bin": {
        "tsc": "bin/tsc",
        "tsserver": "bin/tsserver"
      },
      "engines": {
        "node": ">=4.2.0"
      }
    },
    "node_modules/weui-miniprogram": {
      "version": "1.0.7",
      "resolved": "https://registry.npmjs.org/weui-miniprogram/-/weui-miniprogram-1.0.7.tgz",
      "integrity": "sha512-tXpLnUyaN1jEZHlYAWid3q+Rbov6a90t7QX4uunEa9E2+IUrVLqxo1Q1CfT1uTtjE5hqg6ABGU0NA819Ga1D3g=="
    }
  },
  "dependencies": {
    "miniprogram-api-typings": {
      "version": "2.12.0",
      "resolved": "https://registry.npmjs.org/miniprogram-api-typings/-/miniprogram-api-typings-2.12.0.tgz",
      "integrity": "sha512-ibvbqeslVFur0IAvTxLMvsbtvVcMo6gwvOnj0YZHV7aeDLu091VQRrETT2QuiG9P6aZWRcxeNGJChRKVPCp9VQ==",
      "dev": true
    },
    "typescript": {
      "version": "3.9.9",
      "resolved": "https://registry.npmjs.org/typescript/-/typescript-3.9.9.tgz",
      "integrity": "sha512-kdMjTiekY+z/ubJCATUPlRDl39vXYiMV9iyeMuEuXZh2we6zz80uovNN2WlAxmmdE/Z/YQe+EbOEXB5RHEED3w==",
      "dev": true
    },
    "weui-miniprogram": {
      "version": "1.0.7",
      "resolved": "https://registry.npmjs.org/weui-miniprogram/-/weui-miniprogram-1.0.7.tgz",
      "integrity": "sha512-tXpLnUyaN1jEZHlYAWid3q+Rbov6a90t7QX4uunEa9E2+IUrVLqxo1Q1CfT1uTtjE5hqg6ABGU0NA819Ga1D3g=="
    }
  }
}
